
Microsoft Visual Studio Solution File, Format Version 12.00
# Visual Studio 15
VisualStudioVersion = 15.0.27703.2000
MinimumVisualStudioVersion = 10.0.40219.1
Project("{FAE04EC0-301F-11D3-BF4B-00C04F79EFBC}") = "RFID_POC", "RFID_POC\RFID_POC.csproj", "{DE684DD5-E1CB-46C7-807B-FD45986E1E86}"
EndProject
Project("{FAE04EC0-301F-11D3-BF4B-00C04F79EFBC}") = "Mfrc522Lib", "Mfrc522Lib\Mfrc522Lib.csproj", "{46E93B0C-B7F3-4B5D-B0CE-51621678AB5D}"
EndProject
Global
	GlobalSection(SolutionConfigurationPlatforms) = preSolution
		Debug|Any CPU = Debug|Any CPU
		Debug|ARM = Debug|ARM
		Debug|ARM64 = Debug|ARM64
		Debug|x64 = Debug|x64
		Debug|x86 = Debug|x86
		Release|Any CPU = Release|Any CPU
		Release|ARM = Release|ARM
		Release|ARM64 = Release|ARM64
		Release|x64 = Release|x64
		Release|x86 = Release|x86
	EndGlobalSection
	GlobalSection(ProjectConfigurationPlatforms) = postSolution
		{DE684DD5-E1CB-46C7-807B-FD45986E1E86}.Debug|Any CPU.ActiveCfg = Debug|x86
		{DE684DD5-E1CB-46C7-807B-FD45986E1E86}.Debug|ARM.ActiveCfg = Debug|ARM
		{DE684DD5-E1CB-46C7-807B-FD45986E1E86}.Debug|ARM.Build.0 = Debug|ARM
		{DE684DD5-E1CB-46C7-807B-FD45986E1E86}.Debug|ARM.Deploy.0 = Debug|ARM
		{DE684DD5-E1CB-46C7-807B-FD45986E1E86}.Debug|ARM64.ActiveCfg = Debug|x86
		{DE684DD5-E1CB-46C7-807B-FD45986E1E86}.Debug|x64.ActiveCfg = Debug|x64
		{DE684DD5-E1CB-46C7-807B-FD45986E1E86}.Debug|x64.Build.0 = Debug|x64
		{DE684DD5-E1CB-46C7-807B-FD45986E1E86}.Debug|x64.Deploy.0 = Debug|x64
		{DE684DD5-E1CB-46C7-807B-FD45986E1E86}.Debug|x86.ActiveCfg = Debug|x86
		{DE684DD5-E1CB-46C7-807B-FD45986E1E86}.Debug|x86.Build.0 = Debug|x86
		{DE684DD5-E1CB-46C7-807B-FD45986E1E86}.Debug|x86.Deploy.0 = Debug|x86
		{DE684DD5-E1CB-46C7-807B-FD45986E1E86}.Release|Any CPU.ActiveCfg = Release|x86
		{DE684DD5-E1CB-46C7-807B-FD45986E1E86}.Release|ARM.ActiveCfg = Release|ARM
		{DE684DD5-E1CB-46C7-807B-FD45986E1E86}.Release|ARM.Build.0 = Release|ARM
		{DE684DD5-E1CB-46C7-807B-FD45986E1E86}.Release|ARM.Deploy.0 = Release|ARM
		{DE684DD5-E1CB-46C7-807B-FD45986E1E86}.Release|ARM64.ActiveCfg = Release|x86
		{DE684DD5-E1CB-46C7-807B-FD45986E1E86}.Release|x64.ActiveCfg = Release|x64
		{DE684DD5-E1CB-46C7-807B-FD45986E1E86}.Release|x64.Build.0 = Release|x64
		{DE684DD5-E1CB-46C7-807B-FD45986E1E86}.Release|x64.Deploy.0 = Release|x64
		{DE684DD5-E1CB-46C7-807B-FD45986E1E86}.Release|x86.ActiveCfg = Release|x86
		{DE684DD5-E1CB-46C7-807B-FD45986E1E86}.Release|x86.Build.0 = Release|x86
		{DE684DD5-E1CB-46C7-807B-FD45986E1E86}.Release|x86.Deploy.0 = Release|x86
		{46E93B0C-B7F3-4B5D-B0CE-51621678AB5D}.Debug|Any CPU.ActiveCfg = Debug|Any CPU
		{46E93B0C-B7F3-4B5D-B0CE-51621678AB5D}.Debug|Any CPU.Build.0 = Debug|Any CPU
		{46E93B0C-B7F3-4B5D-B0CE-51621678AB5D}.Debug|ARM.ActiveCfg = Debug|ARM
		{46E93B0C-B7F3-4B5D-B0CE-51621678AB5D}.Debug|ARM.Build.0 = Debug|ARM
		{46E93B0C-B7F3-4B5D-B0CE-51621678AB5D}.Debug|ARM64.ActiveCfg = Debug|ARM64
		{46E93B0C-B7F3-4B5D-B0CE-51621678AB5D}.Debug|ARM64.Build.0 = Debug|ARM64
		{46E93B0C-B7F3-4B5D-B0CE-51621678AB5D}.Debug|x64.ActiveCfg = Debug|x64
		{46E93B0C-B7F3-4B5D-B0CE-51621678AB5D}.Debug|x64.Build.0 = Debug|x64
		{46E93B0C-B7F3-4B5D-B0CE-51621678AB5D}.Debug|x86.ActiveCfg = Debug|x86
		{46E93B0C-B7F3-4B5D-B0CE-51621678AB5D}.Debug|x86.Build.0 = Debug|x86
		{46E93B0C-B7F3-4B5D-B0CE-51621678AB5D}.Release|Any CPU.ActiveCfg = Release|Any CPU
		{46E93B0C-B7F3-4B5D-B0CE-51621678AB5D}.Release|Any CPU.Build.0 = Release|Any CPU
		{46E93B0C-B7F3-4B5D-B0CE-51621678AB5D}.Release|ARM.ActiveCfg = Release|ARM
		{46E93B0C-B7F3-4B5D-B0CE-51621678AB5D}.Release|ARM.Build.0 = Release|ARM
		{46E93B0C-B7F3-4B5D-B0CE-51621678AB5D}.Release|ARM64.ActiveCfg = Release|ARM64
		{46E93B0C-B7F3-4B5D-B0CE-51621678AB5D}.Release|ARM64.Build.0 = Release|ARM64
		{46E93B0C-B7F3-4B5D-B0CE-51621678AB5D}.Release|x64.ActiveCfg = Release|x64
		{46E93B0C-B7F3-4B5D-B0CE-51621678AB5D}.Release|x64.Build.0 = Release|x64
		{46E93B0C-B7F3-4B5D-B0CE-51621678AB5D}.Release|x86.ActiveCfg = Release|x86
		{46E93B0C-B7F3-4B5D-B0CE-51621678AB5D}.Release|x86.Build.0 = Release|x86
	EndGlobalSection
	GlobalSection(SolutionProperties) = preSolution
		HideSolutionNode = FALSE
	EndGlobalSection
	GlobalSection(ExtensibilityGlobals) = postSolution
		SolutionGuid = {AD816258-3B79-4586-BD83-775B5BF52E6E}
	EndGlobalSection
EndGlobal
